
Microsoft Visual Studio Solution File, Format Version 12.00
# Visual Studio Version 16
VisualStudioVersion = 16.0.30804.86
MinimumVisualStudioVersion = 10.0.40219.1
Project("{FAE04EC0-301F-11D3-BF4B-00C04F79EFBC}") = "TestCompany", "TestCompany\TestCompany.csproj", "{74A50485-46CB-497C-8EA2-DA94B038DFCF}"
EndProject
Project("{FAE04EC0-301F-11D3-BF4B-00C04F79EFBC}") = "TestCompany.Repository", "TestCompany.Repository\TestCompany.Repository.csproj", "{0FC34CDE-2AC9-48C2-960F-CCDCA5902DAF}"
EndProject
Global
	GlobalSection(SolutionConfigurationPlatforms) = preSolution
		Debug|Any CPU = Debug|Any CPU
		Release|Any CPU = Release|Any CPU
	EndGlobalSection
	GlobalSection(ProjectConfigurationPlatforms) = postSolution
		{74A50485-46CB-497C-8EA2-DA94B038DFCF}.Debug|Any CPU.ActiveCfg = Debug|Any CPU
		{74A50485-46CB-497C-8EA2-DA94B038DFCF}.Debug|Any CPU.Build.0 = Debug|Any CPU
		{74A50485-46CB-497C-8EA2-DA94B038DFCF}.Release|Any CPU.ActiveCfg = Release|Any CPU
		{74A50485-46CB-497C-8EA2-DA94B038DFCF}.Release|Any CPU.Build.0 = Release|Any CPU
		{0FC34CDE-2AC9-48C2-960F-CCDCA5902DAF}.Debug|Any CPU.ActiveCfg = Debug|Any CPU
		{0FC34CDE-2AC9-48C2-960F-CCDCA5902DAF}.Debug|Any CPU.Build.0 = Debug|Any CPU
		{0FC34CDE-2AC9-48C2-960F-CCDCA5902DAF}.Release|Any CPU.ActiveCfg = Release|Any CPU
		{0FC34CDE-2AC9-48C2-960F-CCDCA5902DAF}.Release|Any CPU.Build.0 = Release|Any CPU
	EndGlobalSection
	GlobalSection(SolutionProperties) = preSolution
		HideSolutionNode = FALSE
	EndGlobalSection
	GlobalSection(ExtensibilityGlobals) = postSolution
		SolutionGuid = {1A26A577-5786-4BF1-8921-1086E29CD997}
	EndGlobalSection
EndGlobal
